// !$*UTF8*$!
{
	archiveVersion = 1;
	classes = {
	};
	objectVersion = 50;
	objects = {

/* Begin PBXBuildFile section */
		A02EF12A21A9FBAA0073F22A /* MovieTableViewCell.swift in Sources */ = {isa = PBXBuildFile; fileRef = A02EF12921A9FBAA0073F22A /* MovieTableViewCell.swift */; };
		A02EF12C21A9FBB80073F22A /* MovieViewController.swift in Sources */ = {isa = PBXBuildFile; fileRef = A02EF12B21A9FBB80073F22A /* MovieViewController.swift */; };
		A02EF12E21AA2D300073F22A /* Genres.swift in Sources */ = {isa = PBXBuildFile; fileRef = A02EF12D21AA2D2F0073F22A /* Genres.swift */; };
		A074184C21AAD34100A17603 /* MoviesResult.swift in Sources */ = {isa = PBXBuildFile; fileRef = A074184B21AAD34100A17603 /* MoviesResult.swift */; };
		A074184E21AAD3B000A17603 /* AppParameters.swift in Sources */ = {isa = PBXBuildFile; fileRef = A074184D21AAD3B000A17603 /* AppParameters.swift */; };
		A074185021AAD92200A17603 /* NetworkManager.swift in Sources */ = {isa = PBXBuildFile; fileRef = A074184F21AAD92200A17603 /* NetworkManager.swift */; };
		A074185221AADA0A00A17603 /* UIImage+.swift in Sources */ = {isa = PBXBuildFile; fileRef = A074185121AADA0A00A17603 /* UIImage+.swift */; };
		A0F46AB421A973E400C3F3BE /* AppDelegate.swift in Sources */ = {isa = PBXBuildFile; fileRef = A0F46AB321A973E400C3F3BE /* AppDelegate.swift */; };
		A0F46AB621A973E400C3F3BE /* MovieListViewController.swift in Sources */ = {isa = PBXBuildFile; fileRef = A0F46AB521A973E400C3F3BE /* MovieListViewController.swift */; };
		A0F46AB921A973E400C3F3BE /* Main.storyboard in Resources */ = {isa = PBXBuildFile; fileRef = A0F46AB721A973E400C3F3BE /* Main.storyboard */; };
		A0F46ABB21A973EA00C3F3BE /* Assets.xcassets in Resources */ = {isa = PBXBuildFile; fileRef = A0F46ABA21A973EA00C3F3BE /* Assets.xcassets */; };
		A0F46ABE21A973EA00C3F3BE /* LaunchScreen.storyboard in Resources */ = {isa = PBXBuildFile; fileRef = A0F46ABC21A973EA00C3F3BE /* LaunchScreen.storyboard */; };
		A0F46ACC21A9775400C3F3BE /* Movie.swift in Sources */ = {isa = PBXBuildFile; fileRef = A0F46ACB21A9775400C3F3BE /* Movie.swift */; };
		A0F46ACF21A9782D00C3F3BE /* String+.swift in Sources */ = {isa = PBXBuildFile; fileRef = A0F46ACE21A9782D00C3F3BE /* String+.swift */; };
		F7A50DB60F954C265FD05182 /* Pods_movies.framework in Frameworks */ = {isa = PBXBuildFile; fileRef = 71513F3906FFC4F1F4116E4A /* Pods_movies.framework */; };
/* End PBXBuildFile section */

/* Begin PBXFileReference section */
		71513F3906FFC4F1F4116E4A /* Pods_movies.framework */ = {isa = PBXFileReference; explicitFileType = wrapper.framework; includeInIndex = 0; path = Pods_movies.framework; sourceTree = BUILT_PRODUCTS_DIR; };
		A02EF12921A9FBAA0073F22A /* MovieTableViewCell.swift */ = {isa = PBXFileReference; lastKnownFileType = sourcecode.swift; path = MovieTableViewCell.swift; sourceTree = "<group>"; };
		A02EF12B21A9FBB80073F22A /* MovieViewController.swift */ = {isa = PBXFileReference; lastKnownFileType = sourcecode.swift; path = MovieViewController.swift; sourceTree = "<group>"; };
		A02EF12D21AA2D2F0073F22A /* Genres.swift */ = {isa = PBXFileReference; lastKnownFileType = sourcecode.swift; path = Genres.swift; sourceTree = "<group>"; };
		A074184B21AAD34100A17603 /* MoviesResult.swift */ = {isa = PBXFileReference; lastKnownFileType = sourcecode.swift; path = MoviesResult.swift; sourceTree = "<group>"; };
		A074184D21AAD3B000A17603 /* AppParameters.swift */ = {isa = PBXFileReference; lastKnownFileType = sourcecode.swift; path = AppParameters.swift; sourceTree = "<group>"; };
		A074184F21AAD92200A17603 /* NetworkManager.swift */ = {isa = PBXFileReference; lastKnownFileType = sourcecode.swift; path = NetworkManager.swift; sourceTree = "<group>"; };
		A074185121AADA0A00A17603 /* UIImage+.swift */ = {isa = PBXFileReference; lastKnownFileType = sourcecode.swift; path = "UIImage+.swift"; sourceTree = "<group>"; };
		A0F46AB021A973E400C3F3BE /* movies.app */ = {isa = PBXFileReference; explicitFileType = wrapper.application; includeInIndex = 0; path = movies.app; sourceTree = BUILT_PRODUCTS_DIR; };
		A0F46AB321A973E400C3F3BE /* AppDelegate.swift */ = {isa = PBXFileReference; lastKnownFileType = sourcecode.swift; path = AppDelegate.swift; sourceTree = "<group>"; };
		A0F46AB521A973E400C3F3BE /* MovieListViewController.swift */ = {isa = PBXFileReference; lastKnownFileType = sourcecode.swift; path = MovieListViewController.swift; sourceTree = "<group>"; };
		A0F46AB821A973E400C3F3BE /* Base */ = {isa = PBXFileReference; lastKnownFileType = file.storyboard; name = Base; path = Base.lproj/Main.storyboard; sourceTree = "<group>"; };
		A0F46ABA21A973EA00C3F3BE /* Assets.xcassets */ = {isa = PBXFileReference; lastKnownFileType = folder.assetcatalog; path = Assets.xcassets; sourceTree = "<group>"; };
		A0F46ABD21A973EA00C3F3BE /* Base */ = {isa = PBXFileReference; lastKnownFileType = file.storyboard; name = Base; path = Base.lproj/LaunchScreen.storyboard; sourceTree = "<group>"; };
		A0F46ABF21A973EA00C3F3BE /* Info.plist */ = {isa = PBXFileReference; lastKnownFileType = text.plist.xml; path = Info.plist; sourceTree = "<group>"; };
		A0F46ACB21A9775400C3F3BE /* Movie.swift */ = {isa = PBXFileReference; lastKnownFileType = sourcecode.swift; path = Movie.swift; sourceTree = "<group>"; };
		A0F46ACE21A9782D00C3F3BE /* String+.swift */ = {isa = PBXFileReference; lastKnownFileType = sourcecode.swift; path = "String+.swift"; sourceTree = "<group>"; };
		D5D926DA32B6DEF256FF4249 /* Pods-movies.release.xcconfig */ = {isa = PBXFileReference; includeInIndex = 1; lastKnownFileType = text.xcconfig; name = "Pods-movies.release.xcconfig"; path = "Target Support Files/Pods-movies/Pods-movies.release.xcconfig"; sourceTree = "<group>"; };
		D9B930BD3072D2BC13552CD6 /* Pods-movies.debug.xcconfig */ = {isa = PBXFileReference; includeInIndex = 1; lastKnownFileType = text.xcconfig; name = "Pods-movies.debug.xcconfig"; path = "Target Support Files/Pods-movies/Pods-movies.debug.xcconfig"; sourceTree = "<group>"; };
/* End PBXFileReference section */

/* Begin PBXFrameworksBuildPhase section */
		A0F46AAD21A973E400C3F3BE /* Frameworks */ = {
			isa = PBXFrameworksBuildPhase;
			buildActionMask = 2147483647;
			files = (
				F7A50DB60F954C265FD05182 /* Pods_movies.framework in Frameworks */,
			);
			runOnlyForDeploymentPostprocessing = 0;
		};
/* End PBXFrameworksBuildPhase section */

/* Begin PBXGroup section */
		4EA3DF06E2221E0923C48AD7 /* Pods */ = {
			isa = PBXGroup;
			children = (
				D9B930BD3072D2BC13552CD6 /* Pods-movies.debug.xcconfig */,
				D5D926DA32B6DEF256FF4249 /* Pods-movies.release.xcconfig */,
			);
			path = Pods;
			sourceTree = "<group>";
		};
		97FE71FD4878FF67B4F531A1 /* Frameworks */ = {
			isa = PBXGroup;
			children = (
				71513F3906FFC4F1F4116E4A /* Pods_movies.framework */,
			);
			name = Frameworks;
			sourceTree = "<group>";
		};
		A02EF12821A9FB9B0073F22A /* UI */ = {
			isa = PBXGroup;
			children = (
				A02EF12921A9FBAA0073F22A /* MovieTableViewCell.swift */,
			);
			path = UI;
			sourceTree = "<group>";
		};
		A0F46AA721A973E400C3F3BE = {
			isa = PBXGroup;
			children = (
				A0F46AB221A973E400C3F3BE /* movies */,
				A0F46AB121A973E400C3F3BE /* Products */,
				4EA3DF06E2221E0923C48AD7 /* Pods */,
				97FE71FD4878FF67B4F531A1 /* Frameworks */,
			);
			sourceTree = "<group>";
		};
		A0F46AB121A973E400C3F3BE /* Products */ = {
			isa = PBXGroup;
			children = (
				A0F46AB021A973E400C3F3BE /* movies.app */,
			);
			name = Products;
			sourceTree = "<group>";
		};
		A0F46AB221A973E400C3F3BE /* movies */ = {
			isa = PBXGroup;
			children = (
				A0F46ACD21A9782400C3F3BE /* Extensions */,
				A0F46AC921A9770000C3F3BE /* Configuration */,
				A0F46AC621A976C600C3F3BE /* Models */,
				A0F46AC521A976BF00C3F3BE /* Networking */,
				A0F46ACA21A9771300C3F3BE /* Resources */,
				A0F46AC721A976D300C3F3BE /* Storyboards */,
				A0F46AC821A976E000C3F3BE /* ViewControllers */,
				A0F46AB321A973E400C3F3BE /* AppDelegate.swift */,
				A0F46ABF21A973EA00C3F3BE /* Info.plist */,
			);
			path = movies;
			sourceTree = "<group>";
		};
		A0F46AC521A976BF00C3F3BE /* Networking */ = {
			isa = PBXGroup;
			children = (
				A074184F21AAD92200A17603 /* NetworkManager.swift */,
			);
			path = Networking;
			sourceTree = "<group>";
		};
		A0F46AC621A976C600C3F3BE /* Models */ = {
			isa = PBXGroup;
			children = (
				A0F46ACB21A9775400C3F3BE /* Movie.swift */,
				A02EF12D21AA2D2F0073F22A /* Genres.swift */,
				A074184B21AAD34100A17603 /* MoviesResult.swift */,
			);
			path = Models;
			sourceTree = "<group>";
		};
		A0F46AC721A976D300C3F3BE /* Storyboards */ = {
			isa = PBXGroup;
			children = (
				A0F46ABC21A973EA00C3F3BE /* LaunchScreen.storyboard */,
				A0F46AB721A973E400C3F3BE /* Main.storyboard */,
			);
			path = Storyboards;
			sourceTree = "<group>";
		};
		A0F46AC821A976E000C3F3BE /* ViewControllers */ = {
			isa = PBXGroup;
			children = (
				A02EF12821A9FB9B0073F22A /* UI */,
				A0F46AB521A973E400C3F3BE /* MovieListViewController.swift */,
				A02EF12B21A9FBB80073F22A /* MovieViewController.swift */,
			);
			path = ViewControllers;
			sourceTree = "<group>";
		};
		A0F46AC921A9770000C3F3BE /* Configuration */ = {
			isa = PBXGroup;
			children = (
				A074184D21AAD3B000A17603 /* AppParameters.swift */,
			);
			path = Configuration;
			sourceTree = "<group>";
		};
		A0F46ACA21A9771300C3F3BE /* Resources */ = {
			isa = PBXGroup;
			children = (
				A0F46ABA21A973EA00C3F3BE /* Assets.xcassets */,
			);
			path = Resources;
			sourceTree = "<group>";
		};
		A0F46ACD21A9782400C3F3BE /* Extensions */ = {
			isa = PBXGroup;
			children = (
				A0F46ACE21A9782D00C3F3BE /* String+.swift */,
				A074185121AADA0A00A17603 /* UIImage+.swift */,
			);
			path = Extensions;
			sourceTree = "<group>";
		};
/* End PBXGroup section */

/* Begin PBXNativeTarget section */
		A0F46AAF21A973E400C3F3BE /* movies */ = {
			isa = PBXNativeTarget;
			buildConfigurationList = A0F46AC221A973EA00C3F3BE /* Build configuration list for PBXNativeTarget "movies" */;
			buildPhases = (
				3A79E75FB38BF8C8B0A02381 /* [CP] Check Pods Manifest.lock */,
				A0F46AAC21A973E400C3F3BE /* Sources */,
				A0F46AAD21A973E400C3F3BE /* Frameworks */,
				A0F46AAE21A973E400C3F3BE /* Resources */,
				18A1A3C4D8F2B33DEBB364F6 /* [CP] Embed Pods Frameworks */,
			);
			buildRules = (
			);
			dependencies = (
			);
			name = movies;
			productName = movies;
			productReference = A0F46AB021A973E400C3F3BE /* movies.app */;
			productType = "com.apple.product-type.application";
		};
/* End PBXNativeTarget section */

/* Begin PBXProject section */
		A0F46AA821A973E400C3F3BE /* Project object */ = {
			isa = PBXProject;
			attributes = {
				LastSwiftUpdateCheck = 1000;
				LastUpgradeCheck = 1000;
				ORGANIZATIONNAME = Lisandro;
				TargetAttributes = {
					A0F46AAF21A973E400C3F3BE = {
						CreatedOnToolsVersion = 10.0;
					};
				};
			};
			buildConfigurationList = A0F46AAB21A973E400C3F3BE /* Build configuration list for PBXProject "movies" */;
			compatibilityVersion = "Xcode 9.3";
			developmentRegion = en;
			hasScannedForEncodings = 0;
			knownRegions = (
				en,
				Base,
			);
			mainGroup = A0F46AA721A973E400C3F3BE;
			productRefGroup = A0F46AB121A973E400C3F3BE /* Products */;
			projectDirPath = "";
			projectRoot = "";
			targets = (
				A0F46AAF21A973E400C3F3BE /* movies */,
			);
		};
/* End PBXProject section */

/* Begin PBXResourcesBuildPhase section */
		A0F46AAE21A973E400C3F3BE /* Resources */ = {
			isa = PBXResourcesBuildPhase;
			buildActionMask = 2147483647;
			files = (
				A0F46ABE21A973EA00C3F3BE /* LaunchScreen.storyboard in Resources */,
				A0F46ABB21A973EA00C3F3BE /* Assets.xcassets in Resources */,
				A0F46AB921A973E400C3F3BE /* Main.storyboard in Resources */,
			);
			runOnlyForDeploymentPostprocessing = 0;
		};
/* End PBXResourcesBuildPhase section */

/* Begin PBXShellScriptBuildPhase section */
		18A1A3C4D8F2B33DEBB364F6 /* [CP] Embed Pods Frameworks */ = {
			isa = PBXShellScriptBuildPhase;
			buildActionMask = 2147483647;
			files = (
			);
			inputFileListPaths = (
			);
			inputPaths = (
				"${PODS_ROOT}/Target Support Files/Pods-movies/Pods-movies-frameworks.sh",
				"${BUILT_PRODUCTS_DIR}/Alamofire/Alamofire.framework",
				"${BUILT_PRODUCTS_DIR}/AlamofireImage/AlamofireImage.framework",
				"${BUILT_PRODUCTS_DIR}/ColorThiefSwift/ColorThiefSwift.framework",
			);
			name = "[CP] Embed Pods Frameworks";
			outputFileListPaths = (
			);
			outputPaths = (
				"${TARGET_BUILD_DIR}/${FRAMEWORKS_FOLDER_PATH}/Alamofire.framework",
				"${TARGET_BUILD_DIR}/${FRAMEWORKS_FOLDER_PATH}/AlamofireImage.framework",
				"${TARGET_BUILD_DIR}/${FRAMEWORKS_FOLDER_PATH}/ColorThiefSwift.framework",
			);
			runOnlyForDeploymentPostprocessing = 0;
			shellPath = /bin/sh;
			shellScript = "\"${PODS_ROOT}/Target Support Files/Pods-movies/Pods-movies-frameworks.sh\"\n";
			showEnvVarsInLog = 0;
		};
		3A79E75FB38BF8C8B0A02381 /* [CP] Check Pods Manifest.lock */ = {
			isa = PBXShellScriptBuildPhase;
			buildActionMask = 2147483647;
			files = (
			);
			inputFileListPaths = (
			);
			inputPaths = (
				"${PODS_PODFILE_DIR_PATH}/Podfile.lock",
				"${PODS_ROOT}/Manifest.lock",
			);
			name = "[CP] Check Pods Manifest.lock";
			outputFileListPaths = (
			);
			outputPaths = (
				"$(DERIVED_FILE_DIR)/Pods-movies-checkManifestLockResult.txt",
			);
			runOnlyForDeploymentPostprocessing = 0;
			shellPath = /bin/sh;
			shellScript = "diff \"${PODS_PODFILE_DIR_PATH}/Podfile.lock\" \"${PODS_ROOT}/Manifest.lock\" > /dev/null\nif [ $? != 0 ] ; then\n    # print error to STDERR\n    echo \"error: The sandbox is not in sync with the Podfile.lock. Run 'pod install' or update your CocoaPods installation.\" >&2\n    exit 1\nfi\n# This output is used by Xcode 'outputs' to avoid re-running this script phase.\necho \"SUCCESS\" > \"${SCRIPT_OUTPUT_FILE_0}\"\n";
			showEnvVarsInLog = 0;
		};
/* End PBXShellScriptBuildPhase section */

/* Begin PBXSourcesBuildPhase section */
		A0F46AAC21A973E400C3F3BE /* Sources */ = {
			isa = PBXSourcesBuildPhase;
			buildActionMask = 2147483647;
			files = (
				A02EF12A21A9FBAA0073F22A /* MovieTableViewCell.swift in Sources */,
				A0F46AB621A973E400C3F3BE /* MovieListViewController.swift in Sources */,
				A074185021AAD92200A17603 /* NetworkManager.swift in Sources */,
				A02EF12E21AA2D300073F22A /* Genres.swift in Sources */,
				A074184E21AAD3B000A17603 /* AppParameters.swift in Sources */,
				A0F46AB421A973E400C3F3BE /* AppDelegate.swift in Sources */,
				A0F46ACF21A9782D00C3F3BE /* String+.swift in Sources */,
				A0F46ACC21A9775400C3F3BE /* Movie.swift in Sources */,
				A074185221AADA0A00A17603 /* UIImage+.swift in Sources */,
				A02EF12C21A9FBB80073F22A /* MovieViewController.swift in Sources */,
				A074184C21AAD34100A17603 /* MoviesResult.swift in Sources */,
			);
			runOnlyForDeploymentPostprocessing = 0;
		};
/* End PBXSourcesBuildPhase section */

/* Begin PBXVariantGroup section */
		A0F46AB721A973E400C3F3BE /* Main.storyboard */ = {
			isa = PBXVariantGroup;
			children = (
				A0F46AB821A973E400C3F3BE /* Base */,
			);
			name = Main.storyboard;
			sourceTree = "<group>";
		};
		A0F46ABC21A973EA00C3F3BE /* LaunchScreen.storyboard */ = {
			isa = PBXVariantGroup;
			children = (
				A0F46ABD21A973EA00C3F3BE /* Base */,
			);
			name = LaunchScreen.storyboard;
			sourceTree = "<group>";
		};
/* End PBXVariantGroup section */

/* Begin XCBuildConfiguration section */
		A0F46AC021A973EA00C3F3BE /* Debug */ = {
			isa = XCBuildConfiguration;
			buildSettings = {
				ALWAYS_SEARCH_USER_PATHS = NO;
				CLANG_ANALYZER_NONNULL = YES;
				CLANG_ANALYZER_NUMBER_OBJECT_CONVERSION = YES_AGGRESSIVE;
				CLANG_CXX_LANGUAGE_STANDARD = "gnu++14";
				CLANG_CXX_LIBRARY = "libc++";
				CLANG_ENABLE_MODULES = YES;
				CLANG_ENABLE_OBJC_ARC = YES;
				CLANG_ENABLE_OBJC_WEAK = YES;
				CLANG_WARN_BLOCK_CAPTURE_AUTORELEASING = YES;
				CLANG_WARN_BOOL_CONVERSION = YES;
				CLANG_WARN_COMMA = YES;
				CLANG_WARN_CONSTANT_CONVERSION = YES;
				CLANG_WARN_DEPRECATED_OBJC_IMPLEMENTATIONS = YES;
				CLANG_WARN_DIRECT_OBJC_ISA_USAGE = YES_ERROR;
				CLANG_WARN_DOCUMENTATION_COMMENTS = YES;
				CLANG_WARN_EMPTY_BODY = YES;
				CLANG_WARN_ENUM_CONVERSION = YES;
				CLANG_WARN_INFINITE_RECURSION = YES;
				CLANG_WARN_INT_CONVERSION = YES;
				CLANG_WARN_NON_LITERAL_NULL_CONVERSION = YES;
				CLANG_WARN_OBJC_IMPLICIT_RETAIN_SELF = YES;
				CLANG_WARN_OBJC_LITERAL_CONVERSION = YES;
				CLANG_WARN_OBJC_ROOT_CLASS = YES_ERROR;
				CLANG_WARN_RANGE_LOOP_ANALYSIS = YES;
				CLANG_WARN_STRICT_PROTOTYPES = YES;
				CLANG_WARN_SUSPICIOUS_MOVE = YES;
				CLANG_WARN_UNGUARDED_AVAILABILITY = YES_AGGRESSIVE;
				CLANG_WARN_UNREACHABLE_CODE = YES;
				CLANG_WARN__DUPLICATE_METHOD_MATCH = YES;
				CODE_SIGN_IDENTITY = "iPhone Developer";
				COPY_PHASE_STRIP = NO;
				DEBUG_INFORMATION_FORMAT = dwarf;
				ENABLE_STRICT_OBJC_MSGSEND = YES;
				ENABLE_TESTABILITY = YES;
				GCC_C_LANGUAGE_STANDARD = gnu11;
				GCC_DYNAMIC_NO_PIC = NO;
				GCC_NO_COMMON_BLOCKS = YES;
				GCC_OPTIMIZATION_LEVEL = 0;
				GCC_PREPROCESSOR_DEFINITIONS = (
					"DEBUG=1",
					"$(inherited)",
				);
				GCC_WARN_64_TO_32_BIT_CONVERSION = YES;
				GCC_WARN_ABOUT_RETURN_TYPE = YES_ERROR;
				GCC_WARN_UNDECLARED_SELECTOR = YES;
				GCC_WARN_UNINITIALIZED_AUTOS = YES_AGGRESSIVE;
				GCC_WARN_UNUSED_FUNCTION = YES;
				GCC_WARN_UNUSED_VARIABLE = YES;
				IPHONEOS_DEPLOYMENT_TARGET = 12.0;
				MTL_ENABLE_DEBUG_INFO = INCLUDE_SOURCE;
				MTL_FAST_MATH = YES;
				ONLY_ACTIVE_ARCH = YES;
				SDKROOT = iphoneos;
				SWIFT_ACTIVE_COMPILATION_CONDITIONS = DEBUG;
				SWIFT_OPTIMIZATION_LEVEL = "-Onone";
			};
			name = Debug;
		};
		A0F46AC121A973EA00C3F3BE /* Release */ = {
			isa = XCBuildConfiguration;
			buildSettings = {
				ALWAYS_SEARCH_USER_PATHS = NO;
				CLANG_ANALYZER_NONNULL = YES;
				CLANG_ANALYZER_NUMBER_OBJECT_CONVERSION = YES_AGGRESSIVE;
				CLANG_CXX_LANGUAGE_STANDARD = "gnu++14";
				CLANG_CXX_LIBRARY = "libc++";
				CLANG_ENABLE_MODULES = YES;
				CLANG_ENABLE_OBJC_ARC = YES;
				CLANG_ENABLE_OBJC_WEAK = YES;
				CLANG_WARN_BLOCK_CAPTURE_AUTORELEASING = YES;
				CLANG_WARN_BOOL_CONVERSION = YES;
				CLANG_WARN_COMMA = YES;
				CLANG_WARN_CONSTANT_CONVERSION = YES;
				CLANG_WARN_DEPRECATED_OBJC_IMPLEMENTATIONS = YES;
				CLANG_WARN_DIRECT_OBJC_ISA_USAGE = YES_ERROR;
				CLANG_WARN_DOCUMENTATION_COMMENTS = YES;
				CLANG_WARN_EMPTY_BODY = YES;
				CLANG_WARN_ENUM_CONVERSION = YES;
				CLANG_WARN_INFINITE_RECURSION = YES;
				CLANG_WARN_INT_CONVERSION = YES;
				CLANG_WARN_NON_LITERAL_NULL_CONVERSION = YES;
				CLANG_WARN_OBJC_IMPLICIT_RETAIN_SELF = YES;
				CLANG_WARN_OBJC_LITERAL_CONVERSION = YES;
				CLANG_WARN_OBJC_ROOT_CLASS = YES_ERROR;
				CLANG_WARN_RANGE_LOOP_ANALYSIS = YES;
				CLANG_WARN_STRICT_PROTOTYPES = YES;
				CLANG_WARN_SUSPICIOUS_MOVE = YES;
				CLANG_WARN_UNGUARDED_AVAILABILITY = YES_AGGRESSIVE;
				CLANG_WARN_UNREACHABLE_CODE = YES;
				CLANG_WARN__DUPLICATE_METHOD_MATCH = YES;
				CODE_SIGN_IDENTITY = "iPhone Developer";
				COPY_PHASE_STRIP = NO;
				DEBUG_INFORMATION_FORMAT = "dwarf-with-dsym";
				ENABLE_NS_ASSERTIONS = NO;
				ENABLE_STRICT_OBJC_MSGSEND = YES;
				GCC_C_LANGUAGE_STANDARD = gnu11;
				GCC_NO_COMMON_BLOCKS = YES;
				GCC_WARN_64_TO_32_BIT_CONVERSION = YES;
				GCC_WARN_ABOUT_RETURN_TYPE = YES_ERROR;
				GCC_WARN_UNDECLARED_SELECTOR = YES;
				GCC_WARN_UNINITIALIZED_AUTOS = YES_AGGRESSIVE;
				GCC_WARN_UNUSED_FUNCTION = YES;
				GCC_WARN_UNUSED_VARIABLE = YES;
				IPHONEOS_DEPLOYMENT_TARGET = 12.0;
				MTL_ENABLE_DEBUG_INFO = NO;
				MTL_FAST_MATH = YES;
				SDKROOT = iphoneos;
				SWIFT_COMPILATION_MODE = wholemodule;
				SWIFT_OPTIMIZATION_LEVEL = "-O";
				VALIDATE_PRODUCT = YES;
			};
			name = Release;
		};
		A0F46AC321A973EA00C3F3BE /* Debug */ = {
			isa = XCBuildConfiguration;
			baseConfigurationReference = D9B930BD3072D2BC13552CD6 /* Pods-movies.debug.xcconfig */;
			buildSettings = {
				ASSETCATALOG_COMPILER_APPICON_NAME = AppIcon;
				CODE_SIGN_STYLE = Automatic;
				DEVELOPMENT_TEAM = 9YQEN8BUQJ;
				INFOPLIST_FILE = movies/Info.plist;
				LD_RUNPATH_SEARCH_PATHS = (
					"$(inherited)",
					"@executable_path/Frameworks",
				);
				PRODUCT_BUNDLE_IDENTIFIER = com.lisandro.movies;
				PRODUCT_NAME = "$(TARGET_NAME)";
				SWIFT_VERSION = 4.2;
				TARGETED_DEVICE_FAMILY = 1;
			};
			name = Debug;
		};
		A0F46AC421A973EA00C3F3BE /* Release */ = {
			isa = XCBuildConfiguration;
			baseConfigurationReference = D5D926DA32B6DEF256FF4249 /* Pods-movies.release.xcconfig */;
			buildSettings = {
				ASSETCATALOG_COMPILER_APPICON_NAME = AppIcon;
				CODE_SIGN_STYLE = Automatic;
				DEVELOPMENT_TEAM = 9YQEN8BUQJ;
				INFOPLIST_FILE = movies/Info.plist;
				LD_RUNPATH_SEARCH_PATHS = (
					"$(inherited)",
					"@executable_path/Frameworks",
				);
				PRODUCT_BUNDLE_IDENTIFIER = com.lisandro.movies;
				PRODUCT_NAME = "$(TARGET_NAME)";
				SWIFT_VERSION = 4.2;
				TARGETED_DEVICE_FAMILY = 1;
			};
			name = Release;
		};
/* End XCBuildConfiguration section */

/* Begin XCConfigurationList section */
		A0F46AAB21A973E400C3F3BE /* Build configuration list for PBXProject "movies" */ = {
			isa = XCConfigurationList;
			buildConfigurations = (
				A0F46AC021A973EA00C3F3BE /* Debug */,
				A0F46AC121A973EA00C3F3BE /* Release */,
			);
			defaultConfigurationIsVisible = 0;
			defaultConfigurationName = Release;
		};
		A0F46AC221A973EA00C3F3BE /* Build configuration list for PBXNativeTarget "movies" */ = {
			isa = XCConfigurationList;
			buildConfigurations = (
				A0F46AC321A973EA00C3F3BE /* Debug */,
				A0F46AC421A973EA00C3F3BE /* Release */,
			);
			defaultConfigurationIsVisible = 0;
			defaultConfigurationName = Release;
		};
/* End XCConfigurationList section */
	};
	rootObject = A0F46AA821A973E400C3F3BE /* Project object */;
}
